
Microsoft Visual Studio Solution File, Format Version 12.00
# Visual Studio Version 17
VisualStudioVersion = 17.1.32421.90
MinimumVisualStudioVersion = 10.0.40219.1
Project("{9A19103F-16F7-4668-BE54-9A1E7A4F7556}") = "BethanysPieShopHRM.Api", "BethanysPieShopHRM.Api\BethanysPieShopHRM.Api.csproj", "{13DA0382-B3D9-4C45-99CC-AD7FF3B3580C}"
EndProject
Project("{9A19103F-16F7-4668-BE54-9A1E7A4F7556}") = "BethanysPieShopHRM.Shared", "BethanysPieShopHRM.Shared\BethanysPieShopHRM.Shared.csproj", "{7A30331C-FDD6-42FF-8081-51744349AA05}"
EndProject
Project("{9A19103F-16F7-4668-BE54-9A1E7A4F7556}") = "BethanysPieShopHRM.Server", "BethanysPieShopHRM.Server\BethanysPieShopHRM.Server.csproj", "{9DCBFCDF-AC1F-46DD-A5D8-76DEF2954648}"
EndProject
Global
	GlobalSection(SolutionConfigurationPlatforms) = preSolution
		Debug|Any CPU = Debug|Any CPU
		Release|Any CPU = Release|Any CPU
	EndGlobalSection
	GlobalSection(ProjectConfigurationPlatforms) = postSolution
		{13DA0382-B3D9-4C45-99CC-AD7FF3B3580C}.Debug|Any CPU.ActiveCfg = Debug|Any CPU
		{13DA0382-B3D9-4C45-99CC-AD7FF3B3580C}.Debug|Any CPU.Build.0 = Debug|Any CPU
		{13DA0382-B3D9-4C45-99CC-AD7FF3B3580C}.Release|Any CPU.ActiveCfg = Release|Any CPU
		{13DA0382-B3D9-4C45-99CC-AD7FF3B3580C}.Release|Any CPU.Build.0 = Release|Any CPU
		{7A30331C-FDD6-42FF-8081-51744349AA05}.Debug|Any CPU.ActiveCfg = Debug|Any CPU
		{7A30331C-FDD6-42FF-8081-51744349AA05}.Debug|Any CPU.Build.0 = Debug|Any CPU
		{7A30331C-FDD6-42FF-8081-51744349AA05}.Release|Any CPU.ActiveCfg = Release|Any CPU
		{7A30331C-FDD6-42FF-8081-51744349AA05}.Release|Any CPU.Build.0 = Release|Any CPU
		{9DCBFCDF-AC1F-46DD-A5D8-76DEF2954648}.Debug|Any CPU.ActiveCfg = Debug|Any CPU
		{9DCBFCDF-AC1F-46DD-A5D8-76DEF2954648}.Debug|Any CPU.Build.0 = Debug|Any CPU
		{9DCBFCDF-AC1F-46DD-A5D8-76DEF2954648}.Release|Any CPU.ActiveCfg = Release|Any CPU
		{9DCBFCDF-AC1F-46DD-A5D8-76DEF2954648}.Release|Any CPU.Build.0 = Release|Any CPU
	EndGlobalSection
	GlobalSection(SolutionProperties) = preSolution
		HideSolutionNode = FALSE
	EndGlobalSection
	GlobalSection(ExtensibilityGlobals) = postSolution
		SolutionGuid = {038D4B52-8B77-4184-86D2-E6E5AF21B3D5}
	EndGlobalSection
EndGlobal
